// !$*UTF8*$!
{
	archiveVersion = 1;
	classes = {
	};
	objectVersion = 46;
	objects = {

/* Begin PBXBuildFile section */
		8A366EAB1C46197E0083BE2F /* AppDelegate.swift in Sources */ = {isa = PBXBuildFile; fileRef = 8A366EAA1C46197E0083BE2F /* AppDelegate.swift */; };
		8A366EAD1C46197E0083BE2F /* ViewController.swift in Sources */ = {isa = PBXBuildFile; fileRef = 8A366EAC1C46197E0083BE2F /* ViewController.swift */; };
		8A366EB01C46197E0083BE2F /* Main.storyboard in Resources */ = {isa = PBXBuildFile; fileRef = 8A366EAE1C46197E0083BE2F /* Main.storyboard */; };
		8A366EB21C46197E0083BE2F /* Assets.xcassets in Resources */ = {isa = PBXBuildFile; fileRef = 8A366EB11C46197E0083BE2F /* Assets.xcassets */; };
		8A366EB51C46197E0083BE2F /* LaunchScreen.storyboard in Resources */ = {isa = PBXBuildFile; fileRef = 8A366EB31C46197E0083BE2F /* LaunchScreen.storyboard */; };
		8A366EBD1C461B420083BE2F /* SwiftTextStorage.swift in Sources */ = {isa = PBXBuildFile; fileRef = 8A366EBC1C461B420083BE2F /* SwiftTextStorage.swift */; };
/* End PBXBuildFile section */

/* Begin PBXFileReference section */
		8A366EA71C46197E0083BE2F /* highlight.app */ = {isa = PBXFileReference; explicitFileType = wrapper.application; includeInIndex = 0; path = highlight.app; sourceTree = BUILT_PRODUCTS_DIR; };
		8A366EAA1C46197E0083BE2F /* AppDelegate.swift */ = {isa = PBXFileReference; lastKnownFileType = sourcecode.swift; path = AppDelegate.swift; sourceTree = "<group>"; };
		8A366EAC1C46197E0083BE2F /* ViewController.swift */ = {isa = PBXFileReference; lastKnownFileType = sourcecode.swift; path = ViewController.swift; sourceTree = "<group>"; };
		8A366EAF1C46197E0083BE2F /* Base */ = {isa = PBXFileReference; lastKnownFileType = file.storyboard; name = Base; path = Base.lproj/Main.storyboard; sourceTree = "<group>"; };
		8A366EB11C46197E0083BE2F /* Assets.xcassets */ = {isa = PBXFileReference; lastKnownFileType = folder.assetcatalog; path = Assets.xcassets; sourceTree = "<group>"; };
		8A366EB41C46197E0083BE2F /* Base */ = {isa = PBXFileReference; lastKnownFileType = file.storyboard; name = Base; path = Base.lproj/LaunchScreen.storyboard; sourceTree = "<group>"; };
		8A366EB61C46197E0083BE2F /* Info.plist */ = {isa = PBXFileReference; lastKnownFileType = text.plist.xml; path = Info.plist; sourceTree = "<group>"; };
		8A366EBC1C461B420083BE2F /* SwiftTextStorage.swift */ = {isa = PBXFileReference; fileEncoding = 4; lastKnownFileType = sourcecode.swift; path = SwiftTextStorage.swift; sourceTree = "<group>"; };
/* End PBXFileReference section */

/* Begin PBXFrameworksBuildPhase section */
		8A366EA41C46197E0083BE2F /* Frameworks */ = {
			isa = PBXFrameworksBuildPhase;
			buildActionMask = 2147483647;
			files = (
			);
			runOnlyForDeploymentPostprocessing = 0;
		};
/* End PBXFrameworksBuildPhase section */

/* Begin PBXGroup section */
		8A366E9E1C46197E0083BE2F = {
			isa = PBXGroup;
			children = (
				8A366EA91C46197E0083BE2F /* highlight */,
				8A366EA81C46197E0083BE2F /* Products */,
			);
			sourceTree = "<group>";
		};
		8A366EA81C46197E0083BE2F /* Products */ = {
			isa = PBXGroup;
			children = (
				8A366EA71C46197E0083BE2F /* highlight.app */,
			);
			name = Products;
			sourceTree = "<group>";
		};
		8A366EA91C46197E0083BE2F /* highlight */ = {
			isa = PBXGroup;
			children = (
				8A366EAA1C46197E0083BE2F /* AppDelegate.swift */,
				8A366EAC1C46197E0083BE2F /* ViewController.swift */,
				8A366EBC1C461B420083BE2F /* SwiftTextStorage.swift */,
				8A366EAE1C46197E0083BE2F /* Main.storyboard */,
				8A366EB11C46197E0083BE2F /* Assets.xcassets */,
				8A366EB31C46197E0083BE2F /* LaunchScreen.storyboard */,
				8A366EB61C46197E0083BE2F /* Info.plist */,
			);
			path = highlight;
			sourceTree = "<group>";
		};
/* End PBXGroup section */

/* Begin PBXNativeTarget section */
		8A366EA61C46197E0083BE2F /* highlight */ = {
			isa = PBXNativeTarget;
			buildConfigurationList = 8A366EB91C46197E0083BE2F /* Build configuration list for PBXNativeTarget "highlight" */;
			buildPhases = (
				8A366EA31C46197E0083BE2F /* Sources */,
				8A366EA41C46197E0083BE2F /* Frameworks */,
				8A366EA51C46197E0083BE2F /* Resources */,
			);
			buildRules = (
			);
			dependencies = (
			);
			name = highlight;
			productName = highlight;
			productReference = 8A366EA71C46197E0083BE2F /* highlight.app */;
			productType = "com.apple.product-type.application";
		};
/* End PBXNativeTarget section */

/* Begin PBXProject section */
		8A366E9F1C46197E0083BE2F /* Project object */ = {
			isa = PBXProject;
			attributes = {
				LastSwiftUpdateCheck = 0720;
				LastUpgradeCheck = 0720;
				ORGANIZATIONNAME = swiftcafe;
				TargetAttributes = {
					8A366EA61C46197E0083BE2F = {
						CreatedOnToolsVersion = 7.2;
					};
				};
			};
			buildConfigurationList = 8A366EA21C46197E0083BE2F /* Build configuration list for PBXProject "highlight" */;
			compatibilityVersion = "Xcode 3.2";
			developmentRegion = English;
			hasScannedForEncodings = 0;
			knownRegions = (
				en,
				Base,
			);
			mainGroup = 8A366E9E1C46197E0083BE2F;
			productRefGroup = 8A366EA81C46197E0083BE2F /* Products */;
			projectDirPath = "";
			projectRoot = "";
			targets = (
				8A366EA61C46197E0083BE2F /* highlight */,
			);
		};
/* End PBXProject section */

/* Begin PBXResourcesBuildPhase section */
		8A366EA51C46197E0083BE2F /* Resources */ = {
			isa = PBXResourcesBuildPhase;
			buildActionMask = 2147483647;
			files = (
				8A366EB51C46197E0083BE2F /* LaunchScreen.storyboard in Resources */,
				8A366EB21C46197E0083BE2F /* Assets.xcassets in Resources */,
				8A366EB01C46197E0083BE2F /* Main.storyboard in Resources */,
			);
			runOnlyForDeploymentPostprocessing = 0;
		};
/* End PBXResourcesBuildPhase section */

/* Begin PBXSourcesBuildPhase section */
		8A366EA31C46197E0083BE2F /* Sources */ = {
			isa = PBXSourcesBuildPhase;
			buildActionMask = 2147483647;
			files = (
				8A366EAD1C46197E0083BE2F /* ViewController.swift in Sources */,
				8A366EAB1C46197E0083BE2F /* AppDelegate.swift in Sources */,
				8A366EBD1C461B420083BE2F /* SwiftTextStorage.swift in Sources */,
			);
			runOnlyForDeploymentPostprocessing = 0;
		};
/* End PBXSourcesBuildPhase section */

/* Begin PBXVariantGroup section */
		8A366EAE1C46197E0083BE2F /* Main.storyboard */ = {
			isa = PBXVariantGroup;
			children = (
				8A366EAF1C46197E0083BE2F /* Base */,
			);
			name = Main.storyboard;
			sourceTree = "<group>";
		};
		8A366EB31C46197E0083BE2F /* LaunchScreen.storyboard */ = {
			isa = PBXVariantGroup;
			children = (
				8A366EB41C46197E0083BE2F /* Base */,
			);
			name = LaunchScreen.storyboard;
			sourceTree = "<group>";
		};
/* End PBXVariantGroup section */

/* Begin XCBuildConfiguration section */
		8A366EB71C46197E0083BE2F /* Debug */ = {
			isa = XCBuildConfiguration;
			buildSettings = {
				ALWAYS_SEARCH_USER_PATHS = NO;
				CLANG_CXX_LANGUAGE_STANDARD = "gnu++0x";
				CLANG_CXX_LIBRARY = "libc++";
				CLANG_ENABLE_MODULES = YES;
				CLANG_ENABLE_OBJC_ARC = YES;
				CLANG_WARN_BOOL_CONVERSION = YES;
				CLANG_WARN_CONSTANT_CONVERSION = YES;
				CLANG_WARN_DIRECT_OBJC_ISA_USAGE = YES_ERROR;
				CLANG_WARN_EMPTY_BODY = YES;
				CLANG_WARN_ENUM_CONVERSION = YES;
				CLANG_WARN_INT_CONVERSION = YES;
				CLANG_WARN_OBJC_ROOT_CLASS = YES_ERROR;
				CLANG_WARN_UNREACHABLE_CODE = YES;
				CLANG_WARN__DUPLICATE_METHOD_MATCH = YES;
				"CODE_SIGN_IDENTITY[sdk=iphoneos*]" = "iPhone Developer";
				COPY_PHASE_STRIP = NO;
				DEBUG_INFORMATION_FORMAT = dwarf;
				ENABLE_STRICT_OBJC_MSGSEND = YES;
				ENABLE_TESTABILITY = YES;
				GCC_C_LANGUAGE_STANDARD = gnu99;
				GCC_DYNAMIC_NO_PIC = NO;
				GCC_NO_COMMON_BLOCKS = YES;
				GCC_OPTIMIZATION_LEVEL = 0;
				GCC_PREPROCESSOR_DEFINITIONS = (
					"DEBUG=1",
					"$(inherited)",
				);
				GCC_WARN_64_TO_32_BIT_CONVERSION = YES;
				GCC_WARN_ABOUT_RETURN_TYPE = YES_ERROR;
				GCC_WARN_UNDECLARED_SELECTOR = YES;
				GCC_WARN_UNINITIALIZED_AUTOS = YES_AGGRESSIVE;
				GCC_WARN_UNUSED_FUNCTION = YES;
				GCC_WARN_UNUSED_VARIABLE = YES;
				IPHONEOS_DEPLOYMENT_TARGET = 9.2;
				MTL_ENABLE_DEBUG_INFO = YES;
				ONLY_ACTIVE_ARCH = YES;
				SDKROOT = iphoneos;
				SWIFT_OPTIMIZATION_LEVEL = "-Onone";
			};
			name = Debug;
		};
		8A366EB81C46197E0083BE2F /* Release */ = {
			isa = XCBuildConfiguration;
			buildSettings = {
				ALWAYS_SEARCH_USER_PATHS = NO;
				CLANG_CXX_LANGUAGE_STANDARD = "gnu++0x";
				CLANG_CXX_LIBRARY = "libc++";
				CLANG_ENABLE_MODULES = YES;
				CLANG_ENABLE_OBJC_ARC = YES;
				CLANG_WARN_BOOL_CONVERSION = YES;
				CLANG_WARN_CONSTANT_CONVERSION = YES;
				CLANG_WARN_DIRECT_OBJC_ISA_USAGE = YES_ERROR;
				CLANG_WARN_EMPTY_BODY = YES;
				CLANG_WARN_ENUM_CONVERSION = YES;
				CLANG_WARN_INT_CONVERSION = YES;
				CLANG_WARN_OBJC_ROOT_CLASS = YES_ERROR;
				CLANG_WARN_UNREACHABLE_CODE = YES;
				CLANG_WARN__DUPLICATE_METHOD_MATCH = YES;
				"CODE_SIGN_IDENTITY[sdk=iphoneos*]" = "iPhone Developer";
				COPY_PHASE_STRIP = NO;
				DEBUG_INFORMATION_FORMAT = "dwarf-with-dsym";
				ENABLE_NS_ASSERTIONS = NO;
				ENABLE_STRICT_OBJC_MSGSEND = YES;
				GCC_C_LANGUAGE_STANDARD = gnu99;
				GCC_NO_COMMON_BLOCKS = YES;
				GCC_WARN_64_TO_32_BIT_CONVERSION = YES;
				GCC_WARN_ABOUT_RETURN_TYPE = YES_ERROR;
				GCC_WARN_UNDECLARED_SELECTOR = YES;
				GCC_WARN_UNINITIALIZED_AUTOS = YES_AGGRESSIVE;
				GCC_WARN_UNUSED_FUNCTION = YES;
				GCC_WARN_UNUSED_VARIABLE = YES;
				IPHONEOS_DEPLOYMENT_TARGET = 9.2;
				MTL_ENABLE_DEBUG_INFO = NO;
				SDKROOT = iphoneos;
				VALIDATE_PRODUCT = YES;
			};
			name = Release;
		};
		8A366EBA1C46197E0083BE2F /* Debug */ = {
			isa = XCBuildConfiguration;
			buildSettings = {
				ASSETCATALOG_COMPILER_APPICON_NAME = AppIcon;
				INFOPLIST_FILE = highlight/Info.plist;
				LD_RUNPATH_SEARCH_PATHS = "$(inherited) @executable_path/Frameworks";
				PRODUCT_BUNDLE_IDENTIFIER = io.swiftcafe.highlight;
				PRODUCT_NAME = "$(TARGET_NAME)";
			};
			name = Debug;
		};
		8A366EBB1C46197E0083BE2F /* Release */ = {
			isa = XCBuildConfiguration;
			buildSettings = {
				ASSETCATALOG_COMPILER_APPICON_NAME = AppIcon;
				INFOPLIST_FILE = highlight/Info.plist;
				LD_RUNPATH_SEARCH_PATHS = "$(inherited) @executable_path/Frameworks";
				PRODUCT_BUNDLE_IDENTIFIER = io.swiftcafe.highlight;
				PRODUCT_NAME = "$(TARGET_NAME)";
			};
			name = Release;
		};
/* End XCBuildConfiguration section */

/* Begin XCConfigurationList section */
		8A366EA21C46197E0083BE2F /* Build configuration list for PBXProject "highlight" */ = {
			isa = XCConfigurationList;
			buildConfigurations = (
				8A366EB71C46197E0083BE2F /* Debug */,
				8A366EB81C46197E0083BE2F /* Release */,
			);
			defaultConfigurationIsVisible = 0;
			defaultConfigurationName = Release;
		};
		8A366EB91C46197E0083BE2F /* Build configuration list for PBXNativeTarget "highlight" */ = {
			isa = XCConfigurationList;
			buildConfigurations = (
				8A366EBA1C46197E0083BE2F /* Debug */,
				8A366EBB1C46197E0083BE2F /* Release */,
			);
			defaultConfigurationIsVisible = 0;
		};
/* End XCConfigurationList section */
	};
	rootObject = 8A366E9F1C46197E0083BE2F /* Project object */;
}
